// !$*UTF8*$!
{
	archiveVersion = 1;
	classes = {
	};
	objectVersion = 50;
	objects = {

/* Begin PBXBuildFile section */
		634B993621ABAF1C00D2ED9B /* AppDelegate.swift in Sources */ = {isa = PBXBuildFile; fileRef = 634B993521ABAF1C00D2ED9B /* AppDelegate.swift */; };
		634B993821ABAF1C00D2ED9B /* ViewController.swift in Sources */ = {isa = PBXBuildFile; fileRef = 634B993721ABAF1C00D2ED9B /* ViewController.swift */; };
		634B993B21ABAF1C00D2ED9B /* Main.storyboard in Resources */ = {isa = PBXBuildFile; fileRef = 634B993921ABAF1C00D2ED9B /* Main.storyboard */; };
		634B993D21ABAF1E00D2ED9B /* Assets.xcassets in Resources */ = {isa = PBXBuildFile; fileRef = 634B993C21ABAF1E00D2ED9B /* Assets.xcassets */; };
		634B994021ABAF1E00D2ED9B /* LaunchScreen.storyboard in Resources */ = {isa = PBXBuildFile; fileRef = 634B993E21ABAF1E00D2ED9B /* LaunchScreen.storyboard */; };
		634B994821ABB14300D2ED9B /* StudentTableViewCell.swift in Sources */ = {isa = PBXBuildFile; fileRef = 634B994721ABB14300D2ED9B /* StudentTableViewCell.swift */; };
		63F8766221AD317900BA456A /* TeacherTableViewCell.swift in Sources */ = {isa = PBXBuildFile; fileRef = 63F8766121AD317900BA456A /* TeacherTableViewCell.swift */; };
/* End PBXBuildFile section */

/* Begin PBXFileReference section */
		634B993221ABAF1C00D2ED9B /* table_view.app */ = {isa = PBXFileReference; explicitFileType = wrapper.application; includeInIndex = 0; path = table_view.app; sourceTree = BUILT_PRODUCTS_DIR; };
		634B993521ABAF1C00D2ED9B /* AppDelegate.swift */ = {isa = PBXFileReference; lastKnownFileType = sourcecode.swift; path = AppDelegate.swift; sourceTree = "<group>"; };
		634B993721ABAF1C00D2ED9B /* ViewController.swift */ = {isa = PBXFileReference; lastKnownFileType = sourcecode.swift; path = ViewController.swift; sourceTree = "<group>"; };
		634B993A21ABAF1C00D2ED9B /* Base */ = {isa = PBXFileReference; lastKnownFileType = file.storyboard; name = Base; path = Base.lproj/Main.storyboard; sourceTree = "<group>"; };
		634B993C21ABAF1E00D2ED9B /* Assets.xcassets */ = {isa = PBXFileReference; lastKnownFileType = folder.assetcatalog; path = Assets.xcassets; sourceTree = "<group>"; };
		634B993F21ABAF1E00D2ED9B /* Base */ = {isa = PBXFileReference; lastKnownFileType = file.storyboard; name = Base; path = Base.lproj/LaunchScreen.storyboard; sourceTree = "<group>"; };
		634B994121ABAF1F00D2ED9B /* Info.plist */ = {isa = PBXFileReference; lastKnownFileType = text.plist.xml; path = Info.plist; sourceTree = "<group>"; };
		634B994721ABB14300D2ED9B /* StudentTableViewCell.swift */ = {isa = PBXFileReference; lastKnownFileType = sourcecode.swift; path = StudentTableViewCell.swift; sourceTree = "<group>"; };
		63F8766121AD317900BA456A /* TeacherTableViewCell.swift */ = {isa = PBXFileReference; lastKnownFileType = sourcecode.swift; path = TeacherTableViewCell.swift; sourceTree = "<group>"; };
/* End PBXFileReference section */

/* Begin PBXFrameworksBuildPhase section */
		634B992F21ABAF1C00D2ED9B /* Frameworks */ = {
			isa = PBXFrameworksBuildPhase;
			buildActionMask = 2147483647;
			files = (
			);
			runOnlyForDeploymentPostprocessing = 0;
		};
/* End PBXFrameworksBuildPhase section */

/* Begin PBXGroup section */
		634B992921ABAF1C00D2ED9B = {
			isa = PBXGroup;
			children = (
				634B993421ABAF1C00D2ED9B /* table_view */,
				634B993321ABAF1C00D2ED9B /* Products */,
			);
			sourceTree = "<group>";
		};
		634B993321ABAF1C00D2ED9B /* Products */ = {
			isa = PBXGroup;
			children = (
				634B993221ABAF1C00D2ED9B /* table_view.app */,
			);
			name = Products;
			sourceTree = "<group>";
		};
		634B993421ABAF1C00D2ED9B /* table_view */ = {
			isa = PBXGroup;
			children = (
				63F8766121AD317900BA456A /* TeacherTableViewCell.swift */,
				634B993521ABAF1C00D2ED9B /* AppDelegate.swift */,
				634B993721ABAF1C00D2ED9B /* ViewController.swift */,
				634B994721ABB14300D2ED9B /* StudentTableViewCell.swift */,
				634B993921ABAF1C00D2ED9B /* Main.storyboard */,
				634B993C21ABAF1E00D2ED9B /* Assets.xcassets */,
				634B993E21ABAF1E00D2ED9B /* LaunchScreen.storyboard */,
				634B994121ABAF1F00D2ED9B /* Info.plist */,
			);
			path = table_view;
			sourceTree = "<group>";
		};
/* End PBXGroup section */

/* Begin PBXNativeTarget section */
		634B993121ABAF1C00D2ED9B /* table_view */ = {
			isa = PBXNativeTarget;
			buildConfigurationList = 634B994421ABAF1F00D2ED9B /* Build configuration list for PBXNativeTarget "table_view" */;
			buildPhases = (
				634B992E21ABAF1C00D2ED9B /* Sources */,
				634B992F21ABAF1C00D2ED9B /* Frameworks */,
				634B993021ABAF1C00D2ED9B /* Resources */,
			);
			buildRules = (
			);
			dependencies = (
			);
			name = table_view;
			productName = table_view;
			productReference = 634B993221ABAF1C00D2ED9B /* table_view.app */;
			productType = "com.apple.product-type.application";
		};
/* End PBXNativeTarget section */

/* Begin PBXProject section */
		634B992A21ABAF1C00D2ED9B /* Project object */ = {
			isa = PBXProject;
			attributes = {
				LastSwiftUpdateCheck = 0940;
				LastUpgradeCheck = 0940;
				ORGANIZATIONNAME = "周越";
				TargetAttributes = {
					634B993121ABAF1C00D2ED9B = {
						CreatedOnToolsVersion = 9.4.1;
					};
				};
			};
			buildConfigurationList = 634B992D21ABAF1C00D2ED9B /* Build configuration list for PBXProject "table_view" */;
			compatibilityVersion = "Xcode 9.3";
			developmentRegion = en;
			hasScannedForEncodings = 0;
			knownRegions = (
				en,
				Base,
			);
			mainGroup = 634B992921ABAF1C00D2ED9B;
			productRefGroup = 634B993321ABAF1C00D2ED9B /* Products */;
			projectDirPath = "";
			projectRoot = "";
			targets = (
				634B993121ABAF1C00D2ED9B /* table_view */,
			);
		};
/* End PBXProject section */

/* Begin PBXResourcesBuildPhase section */
		634B993021ABAF1C00D2ED9B /* Resources */ = {
			isa = PBXResourcesBuildPhase;
			buildActionMask = 2147483647;
			files = (
				634B994021ABAF1E00D2ED9B /* LaunchScreen.storyboard in Resources */,
				634B993D21ABAF1E00D2ED9B /* Assets.xcassets in Resources */,
				634B993B21ABAF1C00D2ED9B /* Main.storyboard in Resources */,
			);
			runOnlyForDeploymentPostprocessing = 0;
		};
/* End PBXResourcesBuildPhase section */

/* Begin PBXSourcesBuildPhase section */
		634B992E21ABAF1C00D2ED9B /* Sources */ = {
			isa = PBXSourcesBuildPhase;
			buildActionMask = 2147483647;
			files = (
				63F8766221AD317900BA456A /* TeacherTableViewCell.swift in Sources */,
				634B993821ABAF1C00D2ED9B /* ViewController.swift in Sources */,
				634B993621ABAF1C00D2ED9B /* AppDelegate.swift in Sources */,
				634B994821ABB14300D2ED9B /* StudentTableViewCell.swift in Sources */,
			);
			runOnlyForDeploymentPostprocessing = 0;
		};
/* End PBXSourcesBuildPhase section */

/* Begin PBXVariantGroup section */
		634B993921ABAF1C00D2ED9B /* Main.storyboard */ = {
			isa = PBXVariantGroup;
			children = (
				634B993A21ABAF1C00D2ED9B /* Base */,
			);
			name = Main.storyboard;
			sourceTree = "<group>";
		};
		634B993E21ABAF1E00D2ED9B /* LaunchScreen.storyboard */ = {
			isa = PBXVariantGroup;
			children = (
				634B993F21ABAF1E00D2ED9B /* Base */,
			);
			name = LaunchScreen.storyboard;
			sourceTree = "<group>";
		};
/* End PBXVariantGroup section */

/* Begin XCBuildConfiguration section */
		634B994221ABAF1F00D2ED9B /* Debug */ = {
			isa = XCBuildConfiguration;
			buildSettings = {
				ALWAYS_SEARCH_USER_PATHS = NO;
				CLANG_ANALYZER_NONNULL = YES;
				CLANG_ANALYZER_NUMBER_OBJECT_CONVERSION = YES_AGGRESSIVE;
				CLANG_CXX_LANGUAGE_STANDARD = "gnu++14";
				CLANG_CXX_LIBRARY = "libc++";
				CLANG_ENABLE_MODULES = YES;
				CLANG_ENABLE_OBJC_ARC = YES;
				CLANG_ENABLE_OBJC_WEAK = YES;
				CLANG_WARN_BLOCK_CAPTURE_AUTORELEASING = YES;
				CLANG_WARN_BOOL_CONVERSION = YES;
				CLANG_WARN_COMMA = YES;
				CLANG_WARN_CONSTANT_CONVERSION = YES;
				CLANG_WARN_DEPRECATED_OBJC_IMPLEMENTATIONS = YES;
				CLANG_WARN_DIRECT_OBJC_ISA_USAGE = YES_ERROR;
				CLANG_WARN_DOCUMENTATION_COMMENTS = YES;
				CLANG_WARN_EMPTY_BODY = YES;
				CLANG_WARN_ENUM_CONVERSION = YES;
				CLANG_WARN_INFINITE_RECURSION = YES;
				CLANG_WARN_INT_CONVERSION = YES;
				CLANG_WARN_NON_LITERAL_NULL_CONVERSION = YES;
				CLANG_WARN_OBJC_IMPLICIT_RETAIN_SELF = YES;
				CLANG_WARN_OBJC_LITERAL_CONVERSION = YES;
				CLANG_WARN_OBJC_ROOT_CLASS = YES_ERROR;
				CLANG_WARN_RANGE_LOOP_ANALYSIS = YES;
				CLANG_WARN_STRICT_PROTOTYPES = YES;
				CLANG_WARN_SUSPICIOUS_MOVE = YES;
				CLANG_WARN_UNGUARDED_AVAILABILITY = YES_AGGRESSIVE;
				CLANG_WARN_UNREACHABLE_CODE = YES;
				CLANG_WARN__DUPLICATE_METHOD_MATCH = YES;
				CODE_SIGN_IDENTITY = "iPhone Developer";
				COPY_PHASE_STRIP = NO;
				DEBUG_INFORMATION_FORMAT = dwarf;
				ENABLE_STRICT_OBJC_MSGSEND = YES;
				ENABLE_TESTABILITY = YES;
				GCC_C_LANGUAGE_STANDARD = gnu11;
				GCC_DYNAMIC_NO_PIC = NO;
				GCC_NO_COMMON_BLOCKS = YES;
				GCC_OPTIMIZATION_LEVEL = 0;
				GCC_PREPROCESSOR_DEFINITIONS = (
					"DEBUG=1",
					"$(inherited)",
				);
				GCC_WARN_64_TO_32_BIT_CONVERSION = YES;
				GCC_WARN_ABOUT_RETURN_TYPE = YES_ERROR;
				GCC_WARN_UNDECLARED_SELECTOR = YES;
				GCC_WARN_UNINITIALIZED_AUTOS = YES_AGGRESSIVE;
				GCC_WARN_UNUSED_FUNCTION = YES;
				GCC_WARN_UNUSED_VARIABLE = YES;
				IPHONEOS_DEPLOYMENT_TARGET = 11.4;
				MTL_ENABLE_DEBUG_INFO = YES;
				ONLY_ACTIVE_ARCH = YES;
				SDKROOT = iphoneos;
				SWIFT_ACTIVE_COMPILATION_CONDITIONS = DEBUG;
				SWIFT_OPTIMIZATION_LEVEL = "-Onone";
			};
			name = Debug;
		};
		634B994321ABAF1F00D2ED9B /* Release */ = {
			isa = XCBuildConfiguration;
			buildSettings = {
				ALWAYS_SEARCH_USER_PATHS = NO;
				CLANG_ANALYZER_NONNULL = YES;
				CLANG_ANALYZER_NUMBER_OBJECT_CONVERSION = YES_AGGRESSIVE;
				CLANG_CXX_LANGUAGE_STANDARD = "gnu++14";
				CLANG_CXX_LIBRARY = "libc++";
				CLANG_ENABLE_MODULES = YES;
				CLANG_ENABLE_OBJC_ARC = YES;
				CLANG_ENABLE_OBJC_WEAK = YES;
				CLANG_WARN_BLOCK_CAPTURE_AUTORELEASING = YES;
				CLANG_WARN_BOOL_CONVERSION = YES;
				CLANG_WARN_COMMA = YES;
				CLANG_WARN_CONSTANT_CONVERSION = YES;
				CLANG_WARN_DEPRECATED_OBJC_IMPLEMENTATIONS = YES;
				CLANG_WARN_DIRECT_OBJC_ISA_USAGE = YES_ERROR;
				CLANG_WARN_DOCUMENTATION_COMMENTS = YES;
				CLANG_WARN_EMPTY_BODY = YES;
				CLANG_WARN_ENUM_CONVERSION = YES;
				CLANG_WARN_INFINITE_RECURSION = YES;
				CLANG_WARN_INT_CONVERSION = YES;
				CLANG_WARN_NON_LITERAL_NULL_CONVERSION = YES;
				CLANG_WARN_OBJC_IMPLICIT_RETAIN_SELF = YES;
				CLANG_WARN_OBJC_LITERAL_CONVERSION = YES;
				CLANG_WARN_OBJC_ROOT_CLASS = YES_ERROR;
				CLANG_WARN_RANGE_LOOP_ANALYSIS = YES;
				CLANG_WARN_STRICT_PROTOTYPES = YES;
				CLANG_WARN_SUSPICIOUS_MOVE = YES;
				CLANG_WARN_UNGUARDED_AVAILABILITY = YES_AGGRESSIVE;
				CLANG_WARN_UNREACHABLE_CODE = YES;
				CLANG_WARN__DUPLICATE_METHOD_MATCH = YES;
				CODE_SIGN_IDENTITY = "iPhone Developer";
				COPY_PHASE_STRIP = NO;
				DEBUG_INFORMATION_FORMAT = "dwarf-with-dsym";
				ENABLE_NS_ASSERTIONS = NO;
				ENABLE_STRICT_OBJC_MSGSEND = YES;
				GCC_C_LANGUAGE_STANDARD = gnu11;
				GCC_NO_COMMON_BLOCKS = YES;
				GCC_WARN_64_TO_32_BIT_CONVERSION = YES;
				GCC_WARN_ABOUT_RETURN_TYPE = YES_ERROR;
				GCC_WARN_UNDECLARED_SELECTOR = YES;
				GCC_WARN_UNINITIALIZED_AUTOS = YES_AGGRESSIVE;
				GCC_WARN_UNUSED_FUNCTION = YES;
				GCC_WARN_UNUSED_VARIABLE = YES;
				IPHONEOS_DEPLOYMENT_TARGET = 11.4;
				MTL_ENABLE_DEBUG_INFO = NO;
				SDKROOT = iphoneos;
				SWIFT_COMPILATION_MODE = wholemodule;
				SWIFT_OPTIMIZATION_LEVEL = "-O";
				VALIDATE_PRODUCT = YES;
			};
			name = Release;
		};
		634B994521ABAF1F00D2ED9B /* Debug */ = {
			isa = XCBuildConfiguration;
			buildSettings = {
				ASSETCATALOG_COMPILER_APPICON_NAME = AppIcon;
				CODE_SIGN_STYLE = Automatic;
				INFOPLIST_FILE = table_view/Info.plist;
				LD_RUNPATH_SEARCH_PATHS = (
					"$(inherited)",
					"@executable_path/Frameworks",
				);
				PRODUCT_BUNDLE_IDENTIFIER = "-016110456.table-view";
				PRODUCT_NAME = "$(TARGET_NAME)";
				SWIFT_VERSION = 4.0;
				TARGETED_DEVICE_FAMILY = "1,2";
			};
			name = Debug;
		};
		634B994621ABAF1F00D2ED9B /* Release */ = {
			isa = XCBuildConfiguration;
			buildSettings = {
				ASSETCATALOG_COMPILER_APPICON_NAME = AppIcon;
				CODE_SIGN_STYLE = Automatic;
				INFOPLIST_FILE = table_view/Info.plist;
				LD_RUNPATH_SEARCH_PATHS = (
					"$(inherited)",
					"@executable_path/Frameworks",
				);
				PRODUCT_BUNDLE_IDENTIFIER = "-016110456.table-view";
				PRODUCT_NAME = "$(TARGET_NAME)";
				SWIFT_VERSION = 4.0;
				TARGETED_DEVICE_FAMILY = "1,2";
			};
			name = Release;
		};
/* End XCBuildConfiguration section */

/* Begin XCConfigurationList section */
		634B992D21ABAF1C00D2ED9B /* Build configuration list for PBXProject "table_view" */ = {
			isa = XCConfigurationList;
			buildConfigurations = (
				634B994221ABAF1F00D2ED9B /* Debug */,
				634B994321ABAF1F00D2ED9B /* Release */,
			);
			defaultConfigurationIsVisible = 0;
			defaultConfigurationName = Release;
		};
		634B994421ABAF1F00D2ED9B /* Build configuration list for PBXNativeTarget "table_view" */ = {
			isa = XCConfigurationList;
			buildConfigurations = (
				634B994521ABAF1F00D2ED9B /* Debug */,
				634B994621ABAF1F00D2ED9B /* Release */,
			);
			defaultConfigurationIsVisible = 0;
			defaultConfigurationName = Release;
		};
/* End XCConfigurationList section */
	};
	rootObject = 634B992A21ABAF1C00D2ED9B /* Project object */;
}
